// !$*UTF8*$!
{
	archiveVersion = 1;
	classes = {
	};
	objectVersion = 51;
	objects = {

/* Begin PBXBuildFile section */
		3A45C724230DC6280005F746 /* DBManagerRealm.swift in Sources */ = {isa = PBXBuildFile; fileRef = 3A45C723230DC6280005F746 /* DBManagerRealm.swift */; };
		3A45C727230DC6770005F746 /* NoteRecord.swift in Sources */ = {isa = PBXBuildFile; fileRef = 3A45C726230DC6770005F746 /* NoteRecord.swift */; };
		3A6FA69B230B18E000E08A8C /* AudioRecorder.swift in Sources */ = {isa = PBXBuildFile; fileRef = 3A6FA69A230B18E000E08A8C /* AudioRecorder.swift */; };
		3A6FA69E230B197900E08A8C /* AudioRecorderDelegate.swift in Sources */ = {isa = PBXBuildFile; fileRef = 3A6FA69D230B197900E08A8C /* AudioRecorderDelegate.swift */; };
		3A6FA6A0230B1A9B00E08A8C /* NewRecordViewModel.swift in Sources */ = {isa = PBXBuildFile; fileRef = 3A6FA69F230B1A9B00E08A8C /* NewRecordViewModel.swift */; };
		3A6FA6A2230B1EFC00E08A8C /* FilesManager.swift in Sources */ = {isa = PBXBuildFile; fileRef = 3A6FA6A1230B1EFC00E08A8C /* FilesManager.swift */; };
		3A964F4E230F0F7F006D1CE0 /* DBManagerProtocol.swift in Sources */ = {isa = PBXBuildFile; fileRef = 3A964F4D230F0F7F006D1CE0 /* DBManagerProtocol.swift */; };
		3A964F50230F1041006D1CE0 /* NoteCategory.swift in Sources */ = {isa = PBXBuildFile; fileRef = 3A964F4F230F1041006D1CE0 /* NoteCategory.swift */; };
		3A964F52230F1167006D1CE0 /* NoteCateogoryCell.swift in Sources */ = {isa = PBXBuildFile; fileRef = 3A964F51230F1167006D1CE0 /* NoteCateogoryCell.swift */; };
		3A964F552311A7A4006D1CE0 /* HomeViewModel.swift in Sources */ = {isa = PBXBuildFile; fileRef = 3A964F542311A7A4006D1CE0 /* HomeViewModel.swift */; };
		3A964F582311A7B7006D1CE0 /* HomeCell.swift in Sources */ = {isa = PBXBuildFile; fileRef = 3A964F572311A7B7006D1CE0 /* HomeCell.swift */; };
		3A964F5A2311A7C4006D1CE0 /* HomeCellViewModel.swift in Sources */ = {isa = PBXBuildFile; fileRef = 3A964F592311A7C4006D1CE0 /* HomeCellViewModel.swift */; };
		3A964F5E2311AAB9006D1CE0 /* NoteCategoryView.swift in Sources */ = {isa = PBXBuildFile; fileRef = 3A964F5D2311AAB9006D1CE0 /* NoteCategoryView.swift */; };
		3A964F602311AAF2006D1CE0 /* NoteCategoryViewModel.swift in Sources */ = {isa = PBXBuildFile; fileRef = 3A964F5F2311AAF2006D1CE0 /* NoteCategoryViewModel.swift */; };
		3A9DC95F2317FD9B00315A1B /* SpeechRecognizerDelegate.swift in Sources */ = {isa = PBXBuildFile; fileRef = 3A9DC95E2317FD9B00315A1B /* SpeechRecognizerDelegate.swift */; };
		3AB947B62309D89C00A0EEE2 /* AppDelegate.swift in Sources */ = {isa = PBXBuildFile; fileRef = 3AB947B52309D89C00A0EEE2 /* AppDelegate.swift */; };
		3AB947B82309D89C00A0EEE2 /* HomeScreen.swift in Sources */ = {isa = PBXBuildFile; fileRef = 3AB947B72309D89C00A0EEE2 /* HomeScreen.swift */; };
		3AB947BB2309D89C00A0EEE2 /* Main.storyboard in Resources */ = {isa = PBXBuildFile; fileRef = 3AB947B92309D89C00A0EEE2 /* Main.storyboard */; };
		3AB947BD2309D89D00A0EEE2 /* Assets.xcassets in Resources */ = {isa = PBXBuildFile; fileRef = 3AB947BC2309D89D00A0EEE2 /* Assets.xcassets */; };
		3AB947C02309D89D00A0EEE2 /* LaunchScreen.storyboard in Resources */ = {isa = PBXBuildFile; fileRef = 3AB947BE2309D89D00A0EEE2 /* LaunchScreen.storyboard */; };
		3AB947CB2309D89E00A0EEE2 /* TrackMeTests.swift in Sources */ = {isa = PBXBuildFile; fileRef = 3AB947CA2309D89E00A0EEE2 /* TrackMeTests.swift */; };
		3AB947D62309E31C00A0EEE2 /* NewRecordScreen.swift in Sources */ = {isa = PBXBuildFile; fileRef = 3AB947D52309E31C00A0EEE2 /* NewRecordScreen.swift */; };
		B6846BEAC1B670B20DF71467 /* Pods_TrackMeTests.framework in Frameworks */ = {isa = PBXBuildFile; fileRef = 4E0DA2148BF07BE32847A60D /* Pods_TrackMeTests.framework */; };
		C9D77F99EDE50B98A99A27EA /* Pods_TrackMe.framework in Frameworks */ = {isa = PBXBuildFile; fileRef = 0FA0882CAEEE4DC5A5922499 /* Pods_TrackMe.framework */; };
/* End PBXBuildFile section */

/* Begin PBXContainerItemProxy section */
		3AB947C72309D89E00A0EEE2 /* PBXContainerItemProxy */ = {
			isa = PBXContainerItemProxy;
			containerPortal = 3AB947AA2309D89C00A0EEE2 /* Project object */;
			proxyType = 1;
			remoteGlobalIDString = 3AB947B12309D89C00A0EEE2;
			remoteInfo = TrackMe;
		};
/* End PBXContainerItemProxy section */

/* Begin PBXFileReference section */
		0EFA184997AA05597AAE5B9C /* Pods-TrackMe.debug.xcconfig */ = {isa = PBXFileReference; includeInIndex = 1; lastKnownFileType = text.xcconfig; name = "Pods-TrackMe.debug.xcconfig"; path = "Target Support Files/Pods-TrackMe/Pods-TrackMe.debug.xcconfig"; sourceTree = "<group>"; };
		0FA0882CAEEE4DC5A5922499 /* Pods_TrackMe.framework */ = {isa = PBXFileReference; explicitFileType = wrapper.framework; includeInIndex = 0; path = Pods_TrackMe.framework; sourceTree = BUILT_PRODUCTS_DIR; };
		3A45C723230DC6280005F746 /* DBManagerRealm.swift */ = {isa = PBXFileReference; lastKnownFileType = sourcecode.swift; path = DBManagerRealm.swift; sourceTree = "<group>"; };
		3A45C726230DC6770005F746 /* NoteRecord.swift */ = {isa = PBXFileReference; lastKnownFileType = sourcecode.swift; path = NoteRecord.swift; sourceTree = "<group>"; };
		3A6FA69A230B18E000E08A8C /* AudioRecorder.swift */ = {isa = PBXFileReference; lastKnownFileType = sourcecode.swift; path = AudioRecorder.swift; sourceTree = "<group>"; };
		3A6FA69D230B197900E08A8C /* AudioRecorderDelegate.swift */ = {isa = PBXFileReference; lastKnownFileType = sourcecode.swift; path = AudioRecorderDelegate.swift; sourceTree = "<group>"; };
		3A6FA69F230B1A9B00E08A8C /* NewRecordViewModel.swift */ = {isa = PBXFileReference; lastKnownFileType = sourcecode.swift; path = NewRecordViewModel.swift; sourceTree = "<group>"; };
		3A6FA6A1230B1EFC00E08A8C /* FilesManager.swift */ = {isa = PBXFileReference; lastKnownFileType = sourcecode.swift; path = FilesManager.swift; sourceTree = "<group>"; };
		3A964F4D230F0F7F006D1CE0 /* DBManagerProtocol.swift */ = {isa = PBXFileReference; lastKnownFileType = sourcecode.swift; path = DBManagerProtocol.swift; sourceTree = "<group>"; };
		3A964F4F230F1041006D1CE0 /* NoteCategory.swift */ = {isa = PBXFileReference; lastKnownFileType = sourcecode.swift; path = NoteCategory.swift; sourceTree = "<group>"; };
		3A964F51230F1167006D1CE0 /* NoteCateogoryCell.swift */ = {isa = PBXFileReference; lastKnownFileType = sourcecode.swift; path = NoteCateogoryCell.swift; sourceTree = "<group>"; };
		3A964F542311A7A4006D1CE0 /* HomeViewModel.swift */ = {isa = PBXFileReference; lastKnownFileType = sourcecode.swift; path = HomeViewModel.swift; sourceTree = "<group>"; };
		3A964F572311A7B7006D1CE0 /* HomeCell.swift */ = {isa = PBXFileReference; lastKnownFileType = sourcecode.swift; path = HomeCell.swift; sourceTree = "<group>"; };
		3A964F592311A7C4006D1CE0 /* HomeCellViewModel.swift */ = {isa = PBXFileReference; lastKnownFileType = sourcecode.swift; path = HomeCellViewModel.swift; sourceTree = "<group>"; };
		3A964F5D2311AAB9006D1CE0 /* NoteCategoryView.swift */ = {isa = PBXFileReference; lastKnownFileType = sourcecode.swift; path = NoteCategoryView.swift; sourceTree = "<group>"; };
		3A964F5F2311AAF2006D1CE0 /* NoteCategoryViewModel.swift */ = {isa = PBXFileReference; lastKnownFileType = sourcecode.swift; path = NoteCategoryViewModel.swift; sourceTree = "<group>"; };
		3A9DC95E2317FD9B00315A1B /* SpeechRecognizerDelegate.swift */ = {isa = PBXFileReference; lastKnownFileType = sourcecode.swift; path = SpeechRecognizerDelegate.swift; sourceTree = "<group>"; };
		3AB947B22309D89C00A0EEE2 /* TrackMe.app */ = {isa = PBXFileReference; explicitFileType = wrapper.application; includeInIndex = 0; path = TrackMe.app; sourceTree = BUILT_PRODUCTS_DIR; };
		3AB947B52309D89C00A0EEE2 /* AppDelegate.swift */ = {isa = PBXFileReference; lastKnownFileType = sourcecode.swift; path = AppDelegate.swift; sourceTree = "<group>"; };
		3AB947B72309D89C00A0EEE2 /* HomeScreen.swift */ = {isa = PBXFileReference; lastKnownFileType = sourcecode.swift; path = HomeScreen.swift; sourceTree = "<group>"; };
		3AB947BA2309D89C00A0EEE2 /* Base */ = {isa = PBXFileReference; lastKnownFileType = file.storyboard; name = Base; path = Base.lproj/Main.storyboard; sourceTree = "<group>"; };
		3AB947BC2309D89D00A0EEE2 /* Assets.xcassets */ = {isa = PBXFileReference; lastKnownFileType = folder.assetcatalog; path = Assets.xcassets; sourceTree = "<group>"; };
		3AB947BF2309D89D00A0EEE2 /* Base */ = {isa = PBXFileReference; lastKnownFileType = file.storyboard; name = Base; path = Base.lproj/LaunchScreen.storyboard; sourceTree = "<group>"; };
		3AB947C12309D89D00A0EEE2 /* Info.plist */ = {isa = PBXFileReference; lastKnownFileType = text.plist.xml; path = Info.plist; sourceTree = "<group>"; };
		3AB947C62309D89E00A0EEE2 /* TrackMeTests.xctest */ = {isa = PBXFileReference; explicitFileType = wrapper.cfbundle; includeInIndex = 0; path = TrackMeTests.xctest; sourceTree = BUILT_PRODUCTS_DIR; };
		3AB947CA2309D89E00A0EEE2 /* TrackMeTests.swift */ = {isa = PBXFileReference; lastKnownFileType = sourcecode.swift; path = TrackMeTests.swift; sourceTree = "<group>"; };
		3AB947CC2309D89E00A0EEE2 /* Info.plist */ = {isa = PBXFileReference; lastKnownFileType = text.plist.xml; path = Info.plist; sourceTree = "<group>"; };
		3AB947D52309E31C00A0EEE2 /* NewRecordScreen.swift */ = {isa = PBXFileReference; lastKnownFileType = sourcecode.swift; path = NewRecordScreen.swift; sourceTree = "<group>"; };
		4E0DA2148BF07BE32847A60D /* Pods_TrackMeTests.framework */ = {isa = PBXFileReference; explicitFileType = wrapper.framework; includeInIndex = 0; path = Pods_TrackMeTests.framework; sourceTree = BUILT_PRODUCTS_DIR; };
		79B7DDD81267880BEC2B3200 /* Pods-TrackMeTests.debug.xcconfig */ = {isa = PBXFileReference; includeInIndex = 1; lastKnownFileType = text.xcconfig; name = "Pods-TrackMeTests.debug.xcconfig"; path = "Target Support Files/Pods-TrackMeTests/Pods-TrackMeTests.debug.xcconfig"; sourceTree = "<group>"; };
		7FCA60F190E3FD3FA5B59ACF /* Pods-TrackMe.release.xcconfig */ = {isa = PBXFileReference; includeInIndex = 1; lastKnownFileType = text.xcconfig; name = "Pods-TrackMe.release.xcconfig"; path = "Target Support Files/Pods-TrackMe/Pods-TrackMe.release.xcconfig"; sourceTree = "<group>"; };
		C4994B2FC4DF47951633E3F4 /* Pods-TrackMeTests.release.xcconfig */ = {isa = PBXFileReference; includeInIndex = 1; lastKnownFileType = text.xcconfig; name = "Pods-TrackMeTests.release.xcconfig"; path = "Target Support Files/Pods-TrackMeTests/Pods-TrackMeTests.release.xcconfig"; sourceTree = "<group>"; };
/* End PBXFileReference section */

/* Begin PBXFrameworksBuildPhase section */
		3AB947AF2309D89C00A0EEE2 /* Frameworks */ = {
			isa = PBXFrameworksBuildPhase;
			buildActionMask = 2147483647;
			files = (
				C9D77F99EDE50B98A99A27EA /* Pods_TrackMe.framework in Frameworks */,
			);
			runOnlyForDeploymentPostprocessing = 0;
		};
		3AB947C32309D89E00A0EEE2 /* Frameworks */ = {
			isa = PBXFrameworksBuildPhase;
			buildActionMask = 2147483647;
			files = (
				B6846BEAC1B670B20DF71467 /* Pods_TrackMeTests.framework in Frameworks */,
			);
			runOnlyForDeploymentPostprocessing = 0;
		};
/* End PBXFrameworksBuildPhase section */

/* Begin PBXGroup section */
		37EAD592E9616914273EF265 /* Pods */ = {
			isa = PBXGroup;
			children = (
				0EFA184997AA05597AAE5B9C /* Pods-TrackMe.debug.xcconfig */,
				7FCA60F190E3FD3FA5B59ACF /* Pods-TrackMe.release.xcconfig */,
				79B7DDD81267880BEC2B3200 /* Pods-TrackMeTests.debug.xcconfig */,
				C4994B2FC4DF47951633E3F4 /* Pods-TrackMeTests.release.xcconfig */,
			);
			path = Pods;
			sourceTree = "<group>";
		};
		3A45C725230DC66A0005F746 /* Models */ = {
			isa = PBXGroup;
			children = (
				3A45C726230DC6770005F746 /* NoteRecord.swift */,
				3A964F4F230F1041006D1CE0 /* NoteCategory.swift */,
			);
			path = Models;
			sourceTree = "<group>";
		};
		3A6FA699230B18BE00E08A8C /* Utils */ = {
			isa = PBXGroup;
			children = (
				3A6FA69A230B18E000E08A8C /* AudioRecorder.swift */,
				3A6FA6A1230B1EFC00E08A8C /* FilesManager.swift */,
				3A45C723230DC6280005F746 /* DBManagerRealm.swift */,
			);
			path = Utils;
			sourceTree = "<group>";
		};
		3A6FA69C230B195500E08A8C /* protocols */ = {
			isa = PBXGroup;
			children = (
				3A6FA69D230B197900E08A8C /* AudioRecorderDelegate.swift */,
				3A964F4D230F0F7F006D1CE0 /* DBManagerProtocol.swift */,
				3A9DC95E2317FD9B00315A1B /* SpeechRecognizerDelegate.swift */,
			);
			path = protocols;
			sourceTree = "<group>";
		};
		3A964F532311A78A006D1CE0 /* Home */ = {
			isa = PBXGroup;
			children = (
				3AB947B72309D89C00A0EEE2 /* HomeScreen.swift */,
				3A964F542311A7A4006D1CE0 /* HomeViewModel.swift */,
				3A964F572311A7B7006D1CE0 /* HomeCell.swift */,
				3A964F592311A7C4006D1CE0 /* HomeCellViewModel.swift */,
			);
			path = Home;
			sourceTree = "<group>";
		};
		3A964F5B2311A7D4006D1CE0 /* New Record */ = {
			isa = PBXGroup;
			children = (
				3A964F51230F1167006D1CE0 /* NoteCateogoryCell.swift */,
				3A6FA69F230B1A9B00E08A8C /* NewRecordViewModel.swift */,
				3AB947D52309E31C00A0EEE2 /* NewRecordScreen.swift */,
			);
			path = "New Record";
			sourceTree = "<group>";
		};
		3A964F5C2311AAA7006D1CE0 /* Note category */ = {
			isa = PBXGroup;
			children = (
				3A964F5D2311AAB9006D1CE0 /* NoteCategoryView.swift */,
				3A964F5F2311AAF2006D1CE0 /* NoteCategoryViewModel.swift */,
			);
			path = "Note category";
			sourceTree = "<group>";
		};
		3AB947A92309D89C00A0EEE2 = {
			isa = PBXGroup;
			children = (
				3AB947B42309D89C00A0EEE2 /* TrackMe */,
				3AB947C92309D89E00A0EEE2 /* TrackMeTests */,
				3AB947B32309D89C00A0EEE2 /* Products */,
				37EAD592E9616914273EF265 /* Pods */,
				4FB9865FE41E490FE4B4A63C /* Frameworks */,
			);
			sourceTree = "<group>";
		};
		3AB947B32309D89C00A0EEE2 /* Products */ = {
			isa = PBXGroup;
			children = (
				3AB947B22309D89C00A0EEE2 /* TrackMe.app */,
				3AB947C62309D89E00A0EEE2 /* TrackMeTests.xctest */,
			);
			name = Products;
			sourceTree = "<group>";
		};
		3AB947B42309D89C00A0EEE2 /* TrackMe */ = {
			isa = PBXGroup;
			children = (
				3A964F5C2311AAA7006D1CE0 /* Note category */,
				3A964F5B2311A7D4006D1CE0 /* New Record */,
				3A964F532311A78A006D1CE0 /* Home */,
				3A45C725230DC66A0005F746 /* Models */,
				3A6FA69C230B195500E08A8C /* protocols */,
				3A6FA699230B18BE00E08A8C /* Utils */,
				3AB947B52309D89C00A0EEE2 /* AppDelegate.swift */,
				3AB947B92309D89C00A0EEE2 /* Main.storyboard */,
				3AB947BC2309D89D00A0EEE2 /* Assets.xcassets */,
				3AB947BE2309D89D00A0EEE2 /* LaunchScreen.storyboard */,
				3AB947C12309D89D00A0EEE2 /* Info.plist */,
			);
			path = TrackMe;
			sourceTree = "<group>";
		};
		3AB947C92309D89E00A0EEE2 /* TrackMeTests */ = {
			isa = PBXGroup;
			children = (
				3AB947CA2309D89E00A0EEE2 /* TrackMeTests.swift */,
				3AB947CC2309D89E00A0EEE2 /* Info.plist */,
			);
			path = TrackMeTests;
			sourceTree = "<group>";
		};
		4FB9865FE41E490FE4B4A63C /* Frameworks */ = {
			isa = PBXGroup;
			children = (
				0FA0882CAEEE4DC5A5922499 /* Pods_TrackMe.framework */,
				4E0DA2148BF07BE32847A60D /* Pods_TrackMeTests.framework */,
			);
			name = Frameworks;
			sourceTree = "<group>";
		};
/* End PBXGroup section */

/* Begin PBXNativeTarget section */
		3AB947B12309D89C00A0EEE2 /* TrackMe */ = {
			isa = PBXNativeTarget;
			buildConfigurationList = 3AB947CF2309D89E00A0EEE2 /* Build configuration list for PBXNativeTarget "TrackMe" */;
			buildPhases = (
				DEC4B74568CA9700A03B10DC /* [CP] Check Pods Manifest.lock */,
				3AB947AE2309D89C00A0EEE2 /* Sources */,
				3AB947AF2309D89C00A0EEE2 /* Frameworks */,
				3AB947B02309D89C00A0EEE2 /* Resources */,
				E393594462EB6E07CDA1A5E1 /* [CP] Embed Pods Frameworks */,
			);
			buildRules = (
			);
			dependencies = (
			);
			name = TrackMe;
			productName = TrackMe;
			productReference = 3AB947B22309D89C00A0EEE2 /* TrackMe.app */;
			productType = "com.apple.product-type.application";
		};
		3AB947C52309D89E00A0EEE2 /* TrackMeTests */ = {
			isa = PBXNativeTarget;
			buildConfigurationList = 3AB947D22309D89E00A0EEE2 /* Build configuration list for PBXNativeTarget "TrackMeTests" */;
			buildPhases = (
				375C1D4CE00A858D7BDD268D /* [CP] Check Pods Manifest.lock */,
				3AB947C22309D89E00A0EEE2 /* Sources */,
				3AB947C32309D89E00A0EEE2 /* Frameworks */,
				3AB947C42309D89E00A0EEE2 /* Resources */,
			);
			buildRules = (
			);
			dependencies = (
				3AB947C82309D89E00A0EEE2 /* PBXTargetDependency */,
			);
			name = TrackMeTests;
			productName = TrackMeTests;
			productReference = 3AB947C62309D89E00A0EEE2 /* TrackMeTests.xctest */;
			productType = "com.apple.product-type.bundle.unit-test";
		};
/* End PBXNativeTarget section */

/* Begin PBXProject section */
		3AB947AA2309D89C00A0EEE2 /* Project object */ = {
			isa = PBXProject;
			attributes = {
				LastSwiftUpdateCheck = 1030;
				LastUpgradeCheck = 1030;
				ORGANIZATIONNAME = vodafone;
				TargetAttributes = {
					3AB947B12309D89C00A0EEE2 = {
						CreatedOnToolsVersion = 10.3;
					};
					3AB947C52309D89E00A0EEE2 = {
						CreatedOnToolsVersion = 10.3;
						TestTargetID = 3AB947B12309D89C00A0EEE2;
					};
				};
			};
			buildConfigurationList = 3AB947AD2309D89C00A0EEE2 /* Build configuration list for PBXProject "TrackMe" */;
			compatibilityVersion = "Xcode 9.3";
			developmentRegion = en;
			hasScannedForEncodings = 0;
			knownRegions = (
				en,
				Base,
			);
			mainGroup = 3AB947A92309D89C00A0EEE2;
			productRefGroup = 3AB947B32309D89C00A0EEE2 /* Products */;
			projectDirPath = "";
			projectRoot = "";
			targets = (
				3AB947B12309D89C00A0EEE2 /* TrackMe */,
				3AB947C52309D89E00A0EEE2 /* TrackMeTests */,
			);
		};
/* End PBXProject section */

/* Begin PBXResourcesBuildPhase section */
		3AB947B02309D89C00A0EEE2 /* Resources */ = {
			isa = PBXResourcesBuildPhase;
			buildActionMask = 2147483647;
			files = (
				3AB947C02309D89D00A0EEE2 /* LaunchScreen.storyboard in Resources */,
				3AB947BD2309D89D00A0EEE2 /* Assets.xcassets in Resources */,
				3AB947BB2309D89C00A0EEE2 /* Main.storyboard in Resources */,
			);
			runOnlyForDeploymentPostprocessing = 0;
		};
		3AB947C42309D89E00A0EEE2 /* Resources */ = {
			isa = PBXResourcesBuildPhase;
			buildActionMask = 2147483647;
			files = (
			);
			runOnlyForDeploymentPostprocessing = 0;
		};
/* End PBXResourcesBuildPhase section */

/* Begin PBXShellScriptBuildPhase section */
		375C1D4CE00A858D7BDD268D /* [CP] Check Pods Manifest.lock */ = {
			isa = PBXShellScriptBuildPhase;
			buildActionMask = 2147483647;
			files = (
			);
			inputFileListPaths = (
			);
			inputPaths = (
				"${PODS_PODFILE_DIR_PATH}/Podfile.lock",
				"${PODS_ROOT}/Manifest.lock",
			);
			name = "[CP] Check Pods Manifest.lock";
			outputFileListPaths = (
			);
			outputPaths = (
				"$(DERIVED_FILE_DIR)/Pods-TrackMeTests-checkManifestLockResult.txt",
			);
			runOnlyForDeploymentPostprocessing = 0;
			shellPath = /bin/sh;
			shellScript = "diff \"${PODS_PODFILE_DIR_PATH}/Podfile.lock\" \"${PODS_ROOT}/Manifest.lock\" > /dev/null\nif [ $? != 0 ] ; then\n    # print error to STDERR\n    echo \"error: The sandbox is not in sync with the Podfile.lock. Run 'pod install' or update your CocoaPods installation.\" >&2\n    exit 1\nfi\n# This output is used by Xcode 'outputs' to avoid re-running this script phase.\necho \"SUCCESS\" > \"${SCRIPT_OUTPUT_FILE_0}\"\n";
			showEnvVarsInLog = 0;
		};
		DEC4B74568CA9700A03B10DC /* [CP] Check Pods Manifest.lock */ = {
			isa = PBXShellScriptBuildPhase;
			buildActionMask = 2147483647;
			files = (
			);
			inputFileListPaths = (
			);
			inputPaths = (
				"${PODS_PODFILE_DIR_PATH}/Podfile.lock",
				"${PODS_ROOT}/Manifest.lock",
			);
			name = "[CP] Check Pods Manifest.lock";
			outputFileListPaths = (
			);
			outputPaths = (
				"$(DERIVED_FILE_DIR)/Pods-TrackMe-checkManifestLockResult.txt",
			);
			runOnlyForDeploymentPostprocessing = 0;
			shellPath = /bin/sh;
			shellScript = "diff \"${PODS_PODFILE_DIR_PATH}/Podfile.lock\" \"${PODS_ROOT}/Manifest.lock\" > /dev/null\nif [ $? != 0 ] ; then\n    # print error to STDERR\n    echo \"error: The sandbox is not in sync with the Podfile.lock. Run 'pod install' or update your CocoaPods installation.\" >&2\n    exit 1\nfi\n# This output is used by Xcode 'outputs' to avoid re-running this script phase.\necho \"SUCCESS\" > \"${SCRIPT_OUTPUT_FILE_0}\"\n";
			showEnvVarsInLog = 0;
		};
		E393594462EB6E07CDA1A5E1 /* [CP] Embed Pods Frameworks */ = {
			isa = PBXShellScriptBuildPhase;
			buildActionMask = 2147483647;
			files = (
			);
			inputFileListPaths = (
				"${PODS_ROOT}/Target Support Files/Pods-TrackMe/Pods-TrackMe-frameworks-${CONFIGURATION}-input-files.xcfilelist",
			);
			name = "[CP] Embed Pods Frameworks";
			outputFileListPaths = (
				"${PODS_ROOT}/Target Support Files/Pods-TrackMe/Pods-TrackMe-frameworks-${CONFIGURATION}-output-files.xcfilelist",
			);
			runOnlyForDeploymentPostprocessing = 0;
			shellPath = /bin/sh;
			shellScript = "\"${PODS_ROOT}/Target Support Files/Pods-TrackMe/Pods-TrackMe-frameworks.sh\"\n";
			showEnvVarsInLog = 0;
		};
/* End PBXShellScriptBuildPhase section */

/* Begin PBXSourcesBuildPhase section */
		3AB947AE2309D89C00A0EEE2 /* Sources */ = {
			isa = PBXSourcesBuildPhase;
			buildActionMask = 2147483647;
			files = (
				3A964F5E2311AAB9006D1CE0 /* NoteCategoryView.swift in Sources */,
				3A6FA6A0230B1A9B00E08A8C /* NewRecordViewModel.swift in Sources */,
				3A9DC95F2317FD9B00315A1B /* SpeechRecognizerDelegate.swift in Sources */,
				3A6FA69E230B197900E08A8C /* AudioRecorderDelegate.swift in Sources */,
				3AB947B82309D89C00A0EEE2 /* HomeScreen.swift in Sources */,
				3A964F50230F1041006D1CE0 /* NoteCategory.swift in Sources */,
				3A45C724230DC6280005F746 /* DBManagerRealm.swift in Sources */,
				3A964F52230F1167006D1CE0 /* NoteCateogoryCell.swift in Sources */,
				3AB947D62309E31C00A0EEE2 /* NewRecordScreen.swift in Sources */,
				3A964F4E230F0F7F006D1CE0 /* DBManagerProtocol.swift in Sources */,
				3A964F582311A7B7006D1CE0 /* HomeCell.swift in Sources */,
				3A964F552311A7A4006D1CE0 /* HomeViewModel.swift in Sources */,
				3A6FA6A2230B1EFC00E08A8C /* FilesManager.swift in Sources */,
				3A6FA69B230B18E000E08A8C /* AudioRecorder.swift in Sources */,
				3A964F602311AAF2006D1CE0 /* NoteCategoryViewModel.swift in Sources */,
				3A964F5A2311A7C4006D1CE0 /* HomeCellViewModel.swift in Sources */,
				3A45C727230DC6770005F746 /* NoteRecord.swift in Sources */,
				3AB947B62309D89C00A0EEE2 /* AppDelegate.swift in Sources */,
			);
			runOnlyForDeploymentPostprocessing = 0;
		};
		3AB947C22309D89E00A0EEE2 /* Sources */ = {
			isa = PBXSourcesBuildPhase;
			buildActionMask = 2147483647;
			files = (
				3AB947CB2309D89E00A0EEE2 /* TrackMeTests.swift in Sources */,
			);
			runOnlyForDeploymentPostprocessing = 0;
		};
/* End PBXSourcesBuildPhase section */

/* Begin PBXTargetDependency section */
		3AB947C82309D89E00A0EEE2 /* PBXTargetDependency */ = {
			isa = PBXTargetDependency;
			target = 3AB947B12309D89C00A0EEE2 /* TrackMe */;
			targetProxy = 3AB947C72309D89E00A0EEE2 /* PBXContainerItemProxy */;
		};
/* End PBXTargetDependency section */

/* Begin PBXVariantGroup section */
		3AB947B92309D89C00A0EEE2 /* Main.storyboard */ = {
			isa = PBXVariantGroup;
			children = (
				3AB947BA2309D89C00A0EEE2 /* Base */,
			);
			name = Main.storyboard;
			sourceTree = "<group>";
		};
		3AB947BE2309D89D00A0EEE2 /* LaunchScreen.storyboard */ = {
			isa = PBXVariantGroup;
			children = (
				3AB947BF2309D89D00A0EEE2 /* Base */,
			);
			name = LaunchScreen.storyboard;
			sourceTree = "<group>";
		};
/* End PBXVariantGroup section */

/* Begin XCBuildConfiguration section */
		3AB947CD2309D89E00A0EEE2 /* Debug */ = {
			isa = XCBuildConfiguration;
			buildSettings = {
				ALWAYS_SEARCH_USER_PATHS = NO;
				CLANG_ANALYZER_NONNULL = YES;
				CLANG_ANALYZER_NUMBER_OBJECT_CONVERSION = YES_AGGRESSIVE;
				CLANG_CXX_LANGUAGE_STANDARD = "gnu++14";
				CLANG_CXX_LIBRARY = "libc++";
				CLANG_ENABLE_MODULES = YES;
				CLANG_ENABLE_OBJC_ARC = YES;
				CLANG_ENABLE_OBJC_WEAK = YES;
				CLANG_WARN_BLOCK_CAPTURE_AUTORELEASING = YES;
				CLANG_WARN_BOOL_CONVERSION = YES;
				CLANG_WARN_COMMA = YES;
				CLANG_WARN_CONSTANT_CONVERSION = YES;
				CLANG_WARN_DEPRECATED_OBJC_IMPLEMENTATIONS = YES;
				CLANG_WARN_DIRECT_OBJC_ISA_USAGE = YES_ERROR;
				CLANG_WARN_DOCUMENTATION_COMMENTS = YES;
				CLANG_WARN_EMPTY_BODY = YES;
				CLANG_WARN_ENUM_CONVERSION = YES;
				CLANG_WARN_INFINITE_RECURSION = YES;
				CLANG_WARN_INT_CONVERSION = YES;
				CLANG_WARN_NON_LITERAL_NULL_CONVERSION = YES;
				CLANG_WARN_OBJC_IMPLICIT_RETAIN_SELF = YES;
				CLANG_WARN_OBJC_LITERAL_CONVERSION = YES;
				CLANG_WARN_OBJC_ROOT_CLASS = YES_ERROR;
				CLANG_WARN_RANGE_LOOP_ANALYSIS = YES;
				CLANG_WARN_STRICT_PROTOTYPES = YES;
				CLANG_WARN_SUSPICIOUS_MOVE = YES;
				CLANG_WARN_UNGUARDED_AVAILABILITY = YES_AGGRESSIVE;
				CLANG_WARN_UNREACHABLE_CODE = YES;
				CLANG_WARN__DUPLICATE_METHOD_MATCH = YES;
				CODE_SIGN_IDENTITY = "iPhone Developer";
				COPY_PHASE_STRIP = NO;
				DEBUG_INFORMATION_FORMAT = dwarf;
				ENABLE_STRICT_OBJC_MSGSEND = YES;
				ENABLE_TESTABILITY = YES;
				GCC_C_LANGUAGE_STANDARD = gnu11;
				GCC_DYNAMIC_NO_PIC = NO;
				GCC_NO_COMMON_BLOCKS = YES;
				GCC_OPTIMIZATION_LEVEL = 0;
				GCC_PREPROCESSOR_DEFINITIONS = (
					"DEBUG=1",
					"$(inherited)",
				);
				GCC_WARN_64_TO_32_BIT_CONVERSION = YES;
				GCC_WARN_ABOUT_RETURN_TYPE = YES_ERROR;
				GCC_WARN_UNDECLARED_SELECTOR = YES;
				GCC_WARN_UNINITIALIZED_AUTOS = YES_AGGRESSIVE;
				GCC_WARN_UNUSED_FUNCTION = YES;
				GCC_WARN_UNUSED_VARIABLE = YES;
				IPHONEOS_DEPLOYMENT_TARGET = 12.4;
				MTL_ENABLE_DEBUG_INFO = INCLUDE_SOURCE;
				MTL_FAST_MATH = YES;
				ONLY_ACTIVE_ARCH = YES;
				SDKROOT = iphoneos;
				SWIFT_ACTIVE_COMPILATION_CONDITIONS = DEBUG;
				SWIFT_OPTIMIZATION_LEVEL = "-Onone";
			};
			name = Debug;
		};
		3AB947CE2309D89E00A0EEE2 /* Release */ = {
			isa = XCBuildConfiguration;
			buildSettings = {
				ALWAYS_SEARCH_USER_PATHS = NO;
				CLANG_ANALYZER_NONNULL = YES;
				CLANG_ANALYZER_NUMBER_OBJECT_CONVERSION = YES_AGGRESSIVE;
				CLANG_CXX_LANGUAGE_STANDARD = "gnu++14";
				CLANG_CXX_LIBRARY = "libc++";
				CLANG_ENABLE_MODULES = YES;
				CLANG_ENABLE_OBJC_ARC = YES;
				CLANG_ENABLE_OBJC_WEAK = YES;
				CLANG_WARN_BLOCK_CAPTURE_AUTORELEASING = YES;
				CLANG_WARN_BOOL_CONVERSION = YES;
				CLANG_WARN_COMMA = YES;
				CLANG_WARN_CONSTANT_CONVERSION = YES;
				CLANG_WARN_DEPRECATED_OBJC_IMPLEMENTATIONS = YES;
				CLANG_WARN_DIRECT_OBJC_ISA_USAGE = YES_ERROR;
				CLANG_WARN_DOCUMENTATION_COMMENTS = YES;
				CLANG_WARN_EMPTY_BODY = YES;
				CLANG_WARN_ENUM_CONVERSION = YES;
				CLANG_WARN_INFINITE_RECURSION = YES;
				CLANG_WARN_INT_CONVERSION = YES;
				CLANG_WARN_NON_LITERAL_NULL_CONVERSION = YES;
				CLANG_WARN_OBJC_IMPLICIT_RETAIN_SELF = YES;
				CLANG_WARN_OBJC_LITERAL_CONVERSION = YES;
				CLANG_WARN_OBJC_ROOT_CLASS = YES_ERROR;
				CLANG_WARN_RANGE_LOOP_ANALYSIS = YES;
				CLANG_WARN_STRICT_PROTOTYPES = YES;
				CLANG_WARN_SUSPICIOUS_MOVE = YES;
				CLANG_WARN_UNGUARDED_AVAILABILITY = YES_AGGRESSIVE;
				CLANG_WARN_UNREACHABLE_CODE = YES;
				CLANG_WARN__DUPLICATE_METHOD_MATCH = YES;
				CODE_SIGN_IDENTITY = "iPhone Developer";
				COPY_PHASE_STRIP = NO;
				DEBUG_INFORMATION_FORMAT = "dwarf-with-dsym";
				ENABLE_NS_ASSERTIONS = NO;
				ENABLE_STRICT_OBJC_MSGSEND = YES;
				GCC_C_LANGUAGE_STANDARD = gnu11;
				GCC_NO_COMMON_BLOCKS = YES;
				GCC_WARN_64_TO_32_BIT_CONVERSION = YES;
				GCC_WARN_ABOUT_RETURN_TYPE = YES_ERROR;
				GCC_WARN_UNDECLARED_SELECTOR = YES;
				GCC_WARN_UNINITIALIZED_AUTOS = YES_AGGRESSIVE;
				GCC_WARN_UNUSED_FUNCTION = YES;
				GCC_WARN_UNUSED_VARIABLE = YES;
				IPHONEOS_DEPLOYMENT_TARGET = 12.4;
				MTL_ENABLE_DEBUG_INFO = NO;
				MTL_FAST_MATH = YES;
				SDKROOT = iphoneos;
				SWIFT_COMPILATION_MODE = wholemodule;
				SWIFT_OPTIMIZATION_LEVEL = "-O";
				VALIDATE_PRODUCT = YES;
			};
			name = Release;
		};
		3AB947D02309D89E00A0EEE2 /* Debug */ = {
			isa = XCBuildConfiguration;
			baseConfigurationReference = 0EFA184997AA05597AAE5B9C /* Pods-TrackMe.debug.xcconfig */;
			buildSettings = {
				ASSETCATALOG_COMPILER_APPICON_NAME = AppIcon;
				CODE_SIGN_STYLE = Automatic;
				DEVELOPMENT_TEAM = 47TK4WR8YE;
				INFOPLIST_FILE = TrackMe/Info.plist;
				LD_RUNPATH_SEARCH_PATHS = (
					"$(inherited)",
					"@executable_path/Frameworks",
				);
				PRODUCT_BUNDLE_IDENTIFIER = com.vodafone.TrackMe;
				PRODUCT_NAME = "$(TARGET_NAME)";
				SWIFT_VERSION = 5.0;
				TARGETED_DEVICE_FAMILY = "1,2";
			};
			name = Debug;
		};
		3AB947D12309D89E00A0EEE2 /* Release */ = {
			isa = XCBuildConfiguration;
			baseConfigurationReference = 7FCA60F190E3FD3FA5B59ACF /* Pods-TrackMe.release.xcconfig */;
			buildSettings = {
				ASSETCATALOG_COMPILER_APPICON_NAME = AppIcon;
				CODE_SIGN_STYLE = Automatic;
				DEVELOPMENT_TEAM = 47TK4WR8YE;
				INFOPLIST_FILE = TrackMe/Info.plist;
				LD_RUNPATH_SEARCH_PATHS = (
					"$(inherited)",
					"@executable_path/Frameworks",
				);
				PRODUCT_BUNDLE_IDENTIFIER = com.vodafone.TrackMe;
				PRODUCT_NAME = "$(TARGET_NAME)";
				SWIFT_VERSION = 5.0;
				TARGETED_DEVICE_FAMILY = "1,2";
			};
			name = Release;
		};
		3AB947D32309D89E00A0EEE2 /* Debug */ = {
			isa = XCBuildConfiguration;
			baseConfigurationReference = 79B7DDD81267880BEC2B3200 /* Pods-TrackMeTests.debug.xcconfig */;
			buildSettings = {
				ALWAYS_EMBED_SWIFT_STANDARD_LIBRARIES = YES;
				BUNDLE_LOADER = "$(TEST_HOST)";
				CODE_SIGN_STYLE = Automatic;
				DEVELOPMENT_TEAM = 47TK4WR8YE;
				INFOPLIST_FILE = TrackMeTests/Info.plist;
				LD_RUNPATH_SEARCH_PATHS = (
					"$(inherited)",
					"@executable_path/Frameworks",
					"@loader_path/Frameworks",
				);
				PRODUCT_BUNDLE_IDENTIFIER = com.vodafone.TrackMeTests;
				PRODUCT_NAME = "$(TARGET_NAME)";
				SWIFT_VERSION = 5.0;
				TARGETED_DEVICE_FAMILY = "1,2";
				TEST_HOST = "$(BUILT_PRODUCTS_DIR)/TrackMe.app/TrackMe";
			};
			name = Debug;
		};
		3AB947D42309D89E00A0EEE2 /* Release */ = {
			isa = XCBuildConfiguration;
			baseConfigurationReference = C4994B2FC4DF47951633E3F4 /* Pods-TrackMeTests.release.xcconfig */;
			buildSettings = {
				ALWAYS_EMBED_SWIFT_STANDARD_LIBRARIES = YES;
				BUNDLE_LOADER = "$(TEST_HOST)";
				CODE_SIGN_STYLE = Automatic;
				DEVELOPMENT_TEAM = 47TK4WR8YE;
				INFOPLIST_FILE = TrackMeTests/Info.plist;
				LD_RUNPATH_SEARCH_PATHS = (
					"$(inherited)",
					"@executable_path/Frameworks",
					"@loader_path/Frameworks",
				);
				PRODUCT_BUNDLE_IDENTIFIER = com.vodafone.TrackMeTests;
				PRODUCT_NAME = "$(TARGET_NAME)";
				SWIFT_VERSION = 5.0;
				TARGETED_DEVICE_FAMILY = "1,2";
				TEST_HOST = "$(BUILT_PRODUCTS_DIR)/TrackMe.app/TrackMe";
			};
			name = Release;
		};
/* End XCBuildConfiguration section */

/* Begin XCConfigurationList section */
		3AB947AD2309D89C00A0EEE2 /* Build configuration list for PBXProject "TrackMe" */ = {
			isa = XCConfigurationList;
			buildConfigurations = (
				3AB947CD2309D89E00A0EEE2 /* Debug */,
				3AB947CE2309D89E00A0EEE2 /* Release */,
			);
			defaultConfigurationIsVisible = 0;
			defaultConfigurationName = Release;
		};
		3AB947CF2309D89E00A0EEE2 /* Build configuration list for PBXNativeTarget "TrackMe" */ = {
			isa = XCConfigurationList;
			buildConfigurations = (
				3AB947D02309D89E00A0EEE2 /* Debug */,
				3AB947D12309D89E00A0EEE2 /* Release */,
			);
			defaultConfigurationIsVisible = 0;
			defaultConfigurationName = Release;
		};
		3AB947D22309D89E00A0EEE2 /* Build configuration list for PBXNativeTarget "TrackMeTests" */ = {
			isa = XCConfigurationList;
			buildConfigurations = (
				3AB947D32309D89E00A0EEE2 /* Debug */,
				3AB947D42309D89E00A0EEE2 /* Release */,
			);
			defaultConfigurationIsVisible = 0;
			defaultConfigurationName = Release;
		};
/* End XCConfigurationList section */
	};
	rootObject = 3AB947AA2309D89C00A0EEE2 /* Project object */;
}
